
Microsoft Visual Studio Solution File, Format Version 12.00
# Visual Studio Version 17
VisualStudioVersion = 17.7.34031.279
MinimumVisualStudioVersion = 10.0.40219.1
Project("{FAE04EC0-301F-11D3-BF4B-00C04F79EFBC}") = "SQLite2", "SQLite2.csproj", "{7E38BBC7-01B8-4608-8655-256F2892009F}"
EndProject
Global
	GlobalSection(SolutionConfigurationPlatforms) = preSolution
		Debug|Any CPU = Debug|Any CPU
		Release|Any CPU = Release|Any CPU
	EndGlobalSection
	GlobalSection(ProjectConfigurationPlatforms) = postSolution
		{7E38BBC7-01B8-4608-8655-256F2892009F}.Debug|Any CPU.ActiveCfg = Debug|Any CPU
		{7E38BBC7-01B8-4608-8655-256F2892009F}.Debug|Any CPU.Build.0 = Debug|Any CPU
		{7E38BBC7-01B8-4608-8655-256F2892009F}.Release|Any CPU.ActiveCfg = Release|Any CPU
		{7E38BBC7-01B8-4608-8655-256F2892009F}.Release|Any CPU.Build.0 = Release|Any CPU
	EndGlobalSection
	GlobalSection(SolutionProperties) = preSolution
		HideSolutionNode = FALSE
	EndGlobalSection
	GlobalSection(ExtensibilityGlobals) = postSolution
		SolutionGuid = {C6798099-F0D9-4D4B-AACA-A27A0C89AAF4}
	EndGlobalSection
EndGlobal
